{
  "name": "CatJumpsBarrels",
  "version": "unspecified",
  "lockfileVersion": 3,
  "requires": true,
  "packages": {
    "": {
      "name": "CatJumpsBarrels",
      "version": "unspecified",
      "workspaces": [
        "packages/CatJumpsBarrels-composeApp",
        "packages/CatJumpsBarrels-composeApp-test",
        "packages/CatJumpsBarrels-core",
        "packages/CatJumpsBarrels-core-test",
        "packages/CatJumpsBarrels-data",
        "packages/CatJumpsBarrels-data-test",
        "packages/CatJumpsBarrels-domain",
        "packages/CatJumpsBarrels-domain-test",
        "packages/CatJumpsBarrels-input",
        "packages/CatJumpsBarrels-input-test",
        "packages/CatJumpsBarrels-model",
        "packages/CatJumpsBarrels-model-test",
        "packages/CatJumpsBarrels-presentation",
        "packages/CatJumpsBarrels-presentation-test",
        "packages/CatJumpsBarrels-webApp",
        "packages/CatJumpsBarrels-webApp-test",
        "packages_imported/skiko-wasm-js/0.9.37-3",
        "packages_imported/skiko-js-wasm-runtime/0.9.37-3",
        "packages_imported/Kotlin-DateTime-library-kotlinx-datetime-wasm-js/0.7.1"
      ],
      "devDependencies": {}
    },
    "node_modules/@js-joda/core": {
      "version": "3.2.0",
      "resolved": "https://registry.npmjs.org/@js-joda/core/-/core-3.2.0.tgz",
      "integrity": "sha512-PMqgJ0sw5B7FKb2d5bWYIoxjri+QlW/Pys7+Rw82jSH0QN3rB05jZ/VrrsUdh1w4+i2kw9JOejXGq/KhDOX7Kg==",
      "license": "BSD-3-Clause"
    },
    "node_modules/CatJumpsBarrels-composeApp": {
      "resolved": "packages/CatJumpsBarrels-composeApp",
      "link": true
    },
    "node_modules/CatJumpsBarrels-composeApp-test": {
      "resolved": "packages/CatJumpsBarrels-composeApp-test",
      "link": true
    },
    "node_modules/CatJumpsBarrels-core": {
      "resolved": "packages/CatJumpsBarrels-core",
      "link": true
    },
    "node_modules/CatJumpsBarrels-core-test": {
      "resolved": "packages/CatJumpsBarrels-core-test",
      "link": true
    },
    "node_modules/CatJumpsBarrels-data": {
      "resolved": "packages/CatJumpsBarrels-data",
      "link": true
    },
    "node_modules/CatJumpsBarrels-data-test": {
      "resolved": "packages/CatJumpsBarrels-data-test",
      "link": true
    },
    "node_modules/CatJumpsBarrels-domain": {
      "resolved": "packages/CatJumpsBarrels-domain",
      "link": true
    },
    "node_modules/CatJumpsBarrels-domain-test": {
      "resolved": "packages/CatJumpsBarrels-domain-test",
      "link": true
    },
    "node_modules/CatJumpsBarrels-input": {
      "resolved": "packages/CatJumpsBarrels-input",
      "link": true
    },
    "node_modules/CatJumpsBarrels-input-test": {
      "resolved": "packages/CatJumpsBarrels-input-test",
      "link": true
    },
    "node_modules/CatJumpsBarrels-model": {
      "resolved": "packages/CatJumpsBarrels-model",
      "link": true
    },
    "node_modules/CatJumpsBarrels-model-test": {
      "resolved": "packages/CatJumpsBarrels-model-test",
      "link": true
    },
    "node_modules/CatJumpsBarrels-presentation": {
      "resolved": "packages/CatJumpsBarrels-presentation",
      "link": true
    },
    "node_modules/CatJumpsBarrels-presentation-test": {
      "resolved": "packages/CatJumpsBarrels-presentation-test",
      "link": true
    },
    "node_modules/CatJumpsBarrels-webApp": {
      "resolved": "packages/CatJumpsBarrels-webApp",
      "link": true
    },
    "node_modules/CatJumpsBarrels-webApp-test": {
      "resolved": "packages/CatJumpsBarrels-webApp-test",
      "link": true
    },
    "node_modules/format-util": {
      "version": "1.0.5",
      "resolved": "https://registry.npmjs.org/format-util/-/format-util-1.0.5.tgz",
      "integrity": "sha512-varLbTj0e0yVyRpqQhuWV+8hlePAgaoFRhNFj50BNjEIrw1/DphHSObtqwskVCPWNgzwPoQrZAbfa/SBiicNeg==",
      "license": "MIT"
    },
    "node_modules/Kotlin-DateTime-library-kotlinx-datetime-wasm-js": {
      "resolved": "packages_imported/Kotlin-DateTime-library-kotlinx-datetime-wasm-js/0.7.1",
      "link": true
    },
    "node_modules/skiko-js-wasm-runtime": {
      "resolved": "packages_imported/skiko-js-wasm-runtime/0.9.37-3",
      "link": true
    },
    "node_modules/skiko-wasm-js": {
      "resolved": "packages_imported/skiko-wasm-js/0.9.37-3",
      "link": true
    },
    "packages_imported/Kotlin-DateTime-library-kotlinx-datetime-wasm-js/0.7.1": {
      "name": "Kotlin-DateTime-library-kotlinx-datetime-wasm-js",
      "version": "0.7.1",
      "dependencies": {
        "@js-joda/core": "3.2.0"
      },
      "devDependencies": {}
    },
    "packages_imported/skiko-js-wasm-runtime/0.9.37-3": {
      "name": "skiko-js-wasm-runtime",
      "version": "0.9.37-3",
      "devDependencies": {}
    },
    "packages_imported/skiko-wasm-js/0.9.37-3": {
      "name": "skiko-wasm-js",
      "version": "0.9.37-3",
      "devDependencies": {}
    },
    "packages/CatJumpsBarrels-composeApp": {
      "version": "0.0.0-unspecified",
      "dependencies": {
        "@js-joda/core": "3.2.0",
        "format-util": "^1.0.5"
      },
      "devDependencies": {}
    },
    "packages/CatJumpsBarrels-composeApp-test": {
      "version": "0.0.0-unspecified",
      "dependencies": {
        "@js-joda/core": "3.2.0",
        "format-util": "^1.0.5"
      },
      "devDependencies": {}
    },
    "packages/CatJumpsBarrels-core": {
      "version": "0.0.0-unspecified",
      "devDependencies": {}
    },
    "packages/CatJumpsBarrels-core-test": {
      "version": "0.0.0-unspecified",
      "devDependencies": {}
    },
    "packages/CatJumpsBarrels-data": {
      "version": "0.0.0-unspecified",
      "dependencies": {
        "@js-joda/core": "3.2.0",
        "format-util": "^1.0.5"
      },
      "devDependencies": {}
    },
    "packages/CatJumpsBarrels-data-test": {
      "version": "0.0.0-unspecified",
      "dependencies": {
        "@js-joda/core": "3.2.0",
        "format-util": "^1.0.5"
      },
      "devDependencies": {}
    },
    "packages/CatJumpsBarrels-domain": {
      "version": "0.0.0-unspecified",
      "dependencies": {
        "@js-joda/core": "3.2.0",
        "format-util": "^1.0.5"
      },
      "devDependencies": {}
    },
    "packages/CatJumpsBarrels-domain-test": {
      "version": "0.0.0-unspecified",
      "dependencies": {
        "@js-joda/core": "3.2.0",
        "format-util": "^1.0.5"
      },
      "devDependencies": {}
    },
    "packages/CatJumpsBarrels-input": {
      "version": "0.0.0-unspecified",
      "devDependencies": {}
    },
    "packages/CatJumpsBarrels-input-test": {
      "version": "0.0.0-unspecified",
      "devDependencies": {}
    },
    "packages/CatJumpsBarrels-model": {
      "version": "0.0.0-unspecified",
      "dependencies": {
        "@js-joda/core": "3.2.0",
        "format-util": "^1.0.5"
      },
      "devDependencies": {}
    },
    "packages/CatJumpsBarrels-model-test": {
      "version": "0.0.0-unspecified",
      "dependencies": {
        "@js-joda/core": "3.2.0",
        "format-util": "^1.0.5"
      },
      "devDependencies": {}
    },
    "packages/CatJumpsBarrels-presentation": {
      "version": "0.0.0-unspecified",
      "dependencies": {
        "@js-joda/core": "3.2.0",
        "format-util": "^1.0.5"
      },
      "devDependencies": {}
    },
    "packages/CatJumpsBarrels-presentation-test": {
      "version": "0.0.0-unspecified",
      "dependencies": {
        "@js-joda/core": "3.2.0",
        "format-util": "^1.0.5"
      },
      "devDependencies": {}
    },
    "packages/CatJumpsBarrels-webApp": {
      "version": "0.0.0-unspecified",
      "dependencies": {
        "@js-joda/core": "3.2.0",
        "format-util": "^1.0.5"
      },
      "devDependencies": {}
    },
    "packages/CatJumpsBarrels-webApp-test": {
      "version": "0.0.0-unspecified",
      "dependencies": {
        "@js-joda/core": "3.2.0",
        "format-util": "^1.0.5"
      },
      "devDependencies": {}
    }
  }
}
